github.com/apimatic/go-core-runtime v0.0.13 h1:KBrOoUbgdIYbjH+TrQNXkbK7QGBovdX43wr7q5Ta6yE=
github.com/apimatic/go-core-runtime v0.0.13/go.mod h1:kyqGg2v3OTV7o2fXHgbHLZPMinqZvIqw1JwdEd64OzM=
github.com/nanocfw/pagarme-golang-sdk v0.0.0-20231101152952-05f3020181b5 h1:oDQoKkCupjWXT+8eWSeB8WcPICyYur0ljw1lwkJO3gA=
github.com/nanocfw/pagarme-golang-sdk v0.0.0-20231101152952-05f3020181b5/go.mod h1:3KGvtJfTC8DcHXWJ6CMJIAsNEpe+T1vJ8JizfZSDwww=
github.com/rabbitmq/amqp091-go v1.10.0 h1:STpn5XsHlHGcecLmMFCtg7mqq0RnD+zFr4uzukfVhBw=
github.com/rabbitmq/amqp091-go v1.10.0/go.mod h1:Hy4jKW5kQART1u+JkDTF9YYOQUHXqMuhrgxOEeS7G4o=
go.uber.org/goleak v1.3.0 h1:2K3zAYmnTNqV73imy9J1T3WC+gmCePx2hEGkimedGto=
golang.org/x/exp v0.0.0-20240119083558-1b970713d09a h1:Q8/wZp0KX97QFTc2ywcOE0YRjZPVIx+MXInMzdvQqcA=
golang.org/x/exp v0.0.0-20240119083558-1b970713d09a/go.mod h1:idGWGoKP1toJGkd5/ig9ZLuPcZBC3ewk7SzmH0uou08=
